
Microsoft Visual Studio Solution File, Format Version 12.00
# Visual Studio Version 16
VisualStudioVersion = 16.0.31729.503
MinimumVisualStudioVersion = 10.0.40219.1
Project("{FAE04EC0-301F-11D3-BF4B-00C04F79EFBC}") = "empWageSwitch", "empWageSwitch\empWageSwitch.csproj", "{67011D5B-F511-488C-922A-A88215E6ACBA}"
EndProject
Global
	GlobalSection(SolutionConfigurationPlatforms) = preSolution
		Debug|Any CPU = Debug|Any CPU
		Release|Any CPU = Release|Any CPU
	EndGlobalSection
	GlobalSection(ProjectConfigurationPlatforms) = postSolution
		{67011D5B-F511-488C-922A-A88215E6ACBA}.Debug|Any CPU.ActiveCfg = Debug|Any CPU
		{67011D5B-F511-488C-922A-A88215E6ACBA}.Debug|Any CPU.Build.0 = Debug|Any CPU
		{67011D5B-F511-488C-922A-A88215E6ACBA}.Release|Any CPU.ActiveCfg = Release|Any CPU
		{67011D5B-F511-488C-922A-A88215E6ACBA}.Release|Any CPU.Build.0 = Release|Any CPU
	EndGlobalSection
	GlobalSection(SolutionProperties) = preSolution
		HideSolutionNode = FALSE
	EndGlobalSection
	GlobalSection(ExtensibilityGlobals) = postSolution
		SolutionGuid = {8759090C-F919-4BB8-9B5F-AC3200DC8E6B}
	EndGlobalSection
EndGlobal
