
Microsoft Visual Studio Solution File, Format Version 12.00
# Visual Studio Version 16
VisualStudioVersion = 16.0.31729.503
MinimumVisualStudioVersion = 10.0.40219.1
Project("{FAE04EC0-301F-11D3-BF4B-00C04F79EFBC}") = "empWagePerHrs", "empWagePerHrs\empWagePerHrs.csproj", "{8AC73FE1-212A-467E-9502-D530773DF5E1}"
EndProject
Global
	GlobalSection(SolutionConfigurationPlatforms) = preSolution
		Debug|Any CPU = Debug|Any CPU
		Release|Any CPU = Release|Any CPU
	EndGlobalSection
	GlobalSection(ProjectConfigurationPlatforms) = postSolution
		{8AC73FE1-212A-467E-9502-D530773DF5E1}.Debug|Any CPU.ActiveCfg = Debug|Any CPU
		{8AC73FE1-212A-467E-9502-D530773DF5E1}.Debug|Any CPU.Build.0 = Debug|Any CPU
		{8AC73FE1-212A-467E-9502-D530773DF5E1}.Release|Any CPU.ActiveCfg = Release|Any CPU
		{8AC73FE1-212A-467E-9502-D530773DF5E1}.Release|Any CPU.Build.0 = Release|Any CPU
	EndGlobalSection
	GlobalSection(SolutionProperties) = preSolution
		HideSolutionNode = FALSE
	EndGlobalSection
	GlobalSection(ExtensibilityGlobals) = postSolution
		SolutionGuid = {94B941AD-2E7A-4057-B9CE-A247E19F5B1F}
	EndGlobalSection
EndGlobal
