
Microsoft Visual Studio Solution File, Format Version 12.00
# Visual Studio Version 16
VisualStudioVersion = 16.0.31729.503
MinimumVisualStudioVersion = 10.0.40219.1
Project("{FAE04EC0-301F-11D3-BF4B-00C04F79EFBC}") = "empWageCompany", "empWageCompany\empWageCompany.csproj", "{BDD5AD91-EB00-4781-A629-E1CD1766DDB3}"
EndProject
Global
	GlobalSection(SolutionConfigurationPlatforms) = preSolution
		Debug|Any CPU = Debug|Any CPU
		Release|Any CPU = Release|Any CPU
	EndGlobalSection
	GlobalSection(ProjectConfigurationPlatforms) = postSolution
		{BDD5AD91-EB00-4781-A629-E1CD1766DDB3}.Debug|Any CPU.ActiveCfg = Debug|Any CPU
		{BDD5AD91-EB00-4781-A629-E1CD1766DDB3}.Debug|Any CPU.Build.0 = Debug|Any CPU
		{BDD5AD91-EB00-4781-A629-E1CD1766DDB3}.Release|Any CPU.ActiveCfg = Release|Any CPU
		{BDD5AD91-EB00-4781-A629-E1CD1766DDB3}.Release|Any CPU.Build.0 = Release|Any CPU
	EndGlobalSection
	GlobalSection(SolutionProperties) = preSolution
		HideSolutionNode = FALSE
	EndGlobalSection
	GlobalSection(ExtensibilityGlobals) = postSolution
		SolutionGuid = {8D74C81F-7065-44EE-836A-ADD0C6AC16B9}
	EndGlobalSection
EndGlobal
